[[package]]
category = "main"
description = "A database migration tool for SQLAlchemy."
name = "alembic"
optional = false
python-versions = ">=2.7, !=3.0.*, !=3.1.*, !=3.2.*, !=3.3.*"
version = "1.3.3"

[package.dependencies]
Mako = "*"
SQLAlchemy = ">=1.1.0"
python-dateutil = "*"
python-editor = ">=0.3"

[[package]]
category = "dev"
description = "A small Python module for determining appropriate platform-specific dirs, e.g. a \"user data dir\"."
name = "appdirs"
optional = false
python-versions = "*"
version = "1.4.3"

[[package]]
category = "dev"
description = "An abstract syntax tree for Python with inference support."
name = "astroid"
optional = false
python-versions = ">=3.5.*"
version = "2.3.3"

[package.dependencies]
lazy-object-proxy = ">=1.4.0,<1.5.0"
six = ">=1.12,<2.0"
wrapt = ">=1.11.0,<1.12.0"

[package.dependencies.typed-ast]
python = "<3.8"
version = ">=1.4.0,<1.5"

[[package]]
category = "main"
description = "Atomic file writes."
marker = "sys_platform == \"win32\""
name = "atomicwrites"
optional = false
python-versions = ">=2.7, !=3.0.*, !=3.1.*, !=3.2.*, !=3.3.*"
version = "1.3.0"

[[package]]
category = "main"
description = "Classes Without Boilerplate"
name = "attrs"
optional = false
python-versions = ">=2.7, !=3.0.*, !=3.1.*, !=3.2.*, !=3.3.*"
version = "19.3.0"

[[package]]
category = "dev"
description = "The uncompromising code formatter."
name = "black"
optional = false
python-versions = ">=3.6"
version = "19.10b0"

[package.dependencies]
appdirs = "*"
attrs = ">=18.1.0"
click = ">=6.5"
pathspec = ">=0.6,<1"
regex = "*"
toml = ">=0.9.4"
typed-ast = ">=1.4.0"

[[package]]
category = "main"
description = "Python package for providing Mozilla's CA Bundle."
name = "certifi"
optional = false
python-versions = "*"
version = "2019.11.28"

[[package]]
category = "main"
description = "Universal encoding detector for Python 2 and 3"
name = "chardet"
optional = false
python-versions = "*"
version = "3.0.4"

[[package]]
category = "main"
description = "Composable command line interface toolkit"
name = "click"
optional = false
python-versions = ">=2.7, !=3.0.*, !=3.1.*, !=3.2.*, !=3.3.*"
version = "7.0"

[[package]]
category = "main"
description = "Cross-platform colored terminal text."
marker = "sys_platform == \"win32\""
name = "colorama"
optional = false
python-versions = ">=2.7, !=3.0.*, !=3.1.*, !=3.2.*, !=3.3.*, !=3.4.*"
version = "0.4.3"

[[package]]
category = "main"
description = "A simple framework for building complex web applications."
name = "flask"
optional = false
python-versions = ">=2.7, !=3.0.*, !=3.1.*, !=3.2.*, !=3.3.*, !=3.4.*"
version = "1.1.1"

[package.dependencies]
Jinja2 = ">=2.10.1"
Werkzeug = ">=0.15"
click = ">=5.1"
itsdangerous = ">=0.24"

[[package]]
category = "main"
description = "User session management for Flask"
name = "flask-login"
optional = false
python-versions = "*"
version = "0.4.1"

[package.dependencies]
Flask = "*"

[[package]]
category = "main"
description = "SQLAlchemy database migrations for Flask applications using Alembic"
name = "flask-migrate"
optional = false
python-versions = "*"
version = "2.5.2"

[package.dependencies]
Flask = ">=0.9"
Flask-SQLAlchemy = ">=1.0"
alembic = ">=0.7"

[[package]]
category = "main"
description = "Adds SQLAlchemy support to your Flask application."
name = "flask-sqlalchemy"
optional = false
python-versions = ">= 2.7, != 3.0.*, != 3.1.*, != 3.2.*, != 3.3.*"
version = "2.4.1"

[package.dependencies]
Flask = ">=0.10"
SQLAlchemy = ">=0.8.0"

[[package]]
category = "main"
description = "Internationalized Domain Names in Applications (IDNA)"
name = "idna"
optional = false
python-versions = ">=2.7, !=3.0.*, !=3.1.*, !=3.2.*, !=3.3.*"
version = "2.8"

[[package]]
category = "main"
description = "Read metadata from Python packages"
marker = "python_version < \"3.8\""
name = "importlib-metadata"
optional = false
python-versions = "!=3.0.*,!=3.1.*,!=3.2.*,!=3.3.*,!=3.4.*,>=2.7"
version = "1.5.0"

[package.dependencies]
zipp = ">=0.5"

[[package]]
category = "dev"
description = "A Python utility / library to sort Python imports."
name = "isort"
optional = false
python-versions = ">=2.7, !=3.0.*, !=3.1.*, !=3.2.*, !=3.3.*"
version = "4.3.21"

[[package]]
category = "main"
description = "Various helpers to pass data to untrusted environments and back."
name = "itsdangerous"
optional = false
python-versions = ">=2.7, !=3.0.*, !=3.1.*, !=3.2.*, !=3.3.*"
version = "1.1.0"

[[package]]
category = "main"
description = "A very fast and expressive template engine."
name = "jinja2"
optional = false
python-versions = ">=2.7, !=3.0.*, !=3.1.*, !=3.2.*, !=3.3.*, !=3.4.*"
version = "2.11.1"

[package.dependencies]
MarkupSafe = ">=0.23"

[[package]]
category = "dev"
description = "A fast and thorough lazy object proxy."
name = "lazy-object-proxy"
optional = false
python-versions = ">=2.7, !=3.0.*, !=3.1.*, !=3.2.*, !=3.3.*"
version = "1.4.3"

[[package]]
category = "main"
description = "A super-fast templating language that borrows the  best ideas from the existing templating languages."
name = "mako"
optional = false
python-versions = ">=2.7, !=3.0.*, !=3.1.*, !=3.2.*, !=3.3.*"
version = "1.1.1"

[package.dependencies]
MarkupSafe = ">=0.9.2"

[[package]]
category = "main"
description = "Safely add untrusted strings to HTML/XML markup."
name = "markupsafe"
optional = false
python-versions = ">=2.7,!=3.0.*,!=3.1.*,!=3.2.*,!=3.3.*"
version = "1.1.1"

[[package]]
category = "dev"
description = "McCabe checker, plugin for flake8"
name = "mccabe"
optional = false
python-versions = "*"
version = "0.6.1"

[[package]]
category = "main"
description = "More routines for operating on iterables, beyond itertools"
name = "more-itertools"
optional = false
python-versions = ">=3.5"
version = "8.2.0"

[[package]]
category = "main"
description = "multidict implementation"
name = "multidict"
optional = false
python-versions = ">=3.5"
version = "4.7.4"

[[package]]
category = "dev"
description = "Optional static typing for Python"
name = "mypy"
optional = false
python-versions = ">=3.5"
version = "0.761"

[package.dependencies]
mypy-extensions = ">=0.4.3,<0.5.0"
typed-ast = ">=1.4.0,<1.5.0"
typing-extensions = ">=3.7.4"

[[package]]
category = "dev"
description = "Experimental type system extensions for programs checked with the mypy typechecker."
name = "mypy-extensions"
optional = false
python-versions = "*"
version = "0.4.3"

[[package]]
category = "main"
description = "Core utilities for Python packages"
name = "packaging"
optional = false
python-versions = ">=2.7, !=3.0.*, !=3.1.*, !=3.2.*, !=3.3.*"
version = "20.1"

[package.dependencies]
pyparsing = ">=2.0.2"
six = "*"

[[package]]
category = "dev"
description = "Utility library for gitignore style pattern matching of file paths."
name = "pathspec"
optional = false
python-versions = ">=2.7, !=3.0.*, !=3.1.*, !=3.2.*, !=3.3.*, !=3.4.*"
version = "0.7.0"

[[package]]
category = "main"
description = "plugin and hook calling mechanisms for python"
name = "pluggy"
optional = false
python-versions = ">=2.7, !=3.0.*, !=3.1.*, !=3.2.*, !=3.3.*"
version = "0.13.1"

[package.dependencies]
[package.dependencies.importlib-metadata]
python = "<3.8"
version = ">=0.12"

[[package]]
category = "main"
description = "psycopg2 - Python-PostgreSQL Database Adapter"
name = "psycopg2"
optional = false
python-versions = ">=2.7,!=3.0.*,!=3.1.*,!=3.2.*,!=3.3.*"
version = "2.8.4"

[[package]]
category = "main"
description = "library with cross-python path, ini-parsing, io, code, log facilities"
name = "py"
optional = false
python-versions = ">=2.7, !=3.0.*, !=3.1.*, !=3.2.*, !=3.3.*"
version = "1.8.1"

[[package]]
category = "main"
description = "Data validation and settings management using python 3.6 type hinting"
name = "pydantic"
optional = false
python-versions = ">=3.6"
version = "1.4"

[[package]]
category = "dev"
description = "python code static checker"
name = "pylint"
optional = false
python-versions = ">=3.5.*"
version = "2.4.4"

[package.dependencies]
astroid = ">=2.3.0,<2.4"
colorama = "*"
isort = ">=4.2.5,<5"
mccabe = ">=0.6,<0.7"

[[package]]
category = "main"
description = "Python parsing module"
name = "pyparsing"
optional = false
python-versions = ">=2.6, !=3.0.*, !=3.1.*, !=3.2.*"
version = "2.4.6"

[[package]]
category = "main"
description = "pytest: simple powerful testing with Python"
name = "pytest"
optional = false
python-versions = ">=3.5"
version = "5.3.5"

[package.dependencies]
atomicwrites = ">=1.0"
attrs = ">=17.4.0"
colorama = "*"
more-itertools = ">=4.0.0"
packaging = "*"
pluggy = ">=0.12,<1.0"
py = ">=1.5.0"
wcwidth = "*"

[package.dependencies.importlib-metadata]
python = "<3.8"
version = ">=0.12"

[[package]]
category = "main"
description = "A pytest plugin for preserving test isolation in Flask-SQlAlchemy using database transactions."
name = "pytest-flask-sqlalchemy"
optional = false
python-versions = "*"
version = "1.0.2"

[package.dependencies]
Flask-SQLAlchemy = ">=2.3"
SQLAlchemy = ">=1.2.2"
packaging = ">=14.1"
pytest = ">=3.2.1"
pytest-mock = ">=1.6.2"

[[package]]
category = "main"
description = "Thin-wrapper around the mock package for easier use with py.test"
name = "pytest-mock"
optional = false
python-versions = ">=2.7, !=3.0.*, !=3.1.*, !=3.2.*, !=3.3.*"
version = "2.0.0"

[package.dependencies]
pytest = ">=2.7"

[[package]]
category = "main"
description = "Extensions to the standard Python datetime module"
name = "python-dateutil"
optional = false
python-versions = "!=3.0.*,!=3.1.*,!=3.2.*,>=2.7"
version = "2.8.1"

[package.dependencies]
six = ">=1.5"

[[package]]
category = "main"
description = "Add .env support to your django/flask apps in development and deployments"
name = "python-dotenv"
optional = false
python-versions = "*"
version = "0.10.5"

[[package]]
category = "main"
description = "Programmatically open an editor, capture the result."
name = "python-editor"
optional = false
python-versions = "*"
version = "1.0.4"

[[package]]
category = "dev"
description = "Alternative regular expression module, to replace re."
name = "regex"
optional = false
python-versions = "*"
version = "2020.1.8"

[[package]]
category = "main"
description = "Python HTTP for Humans."
name = "requests"
optional = false
python-versions = ">=2.7, !=3.0.*, !=3.1.*, !=3.2.*, !=3.3.*, !=3.4.*"
version = "2.22.0"

[package.dependencies]
certifi = ">=2017.4.17"
chardet = ">=3.0.2,<3.1.0"
idna = ">=2.5,<2.9"
urllib3 = ">=1.21.1,<1.25.0 || >1.25.0,<1.25.1 || >1.25.1,<1.26"

[[package]]
category = "main"
description = "Python 2 and 3 compatibility utilities"
name = "six"
optional = false
python-versions = ">=2.7, !=3.0.*, !=3.1.*, !=3.2.*"
version = "1.14.0"

[[package]]
category = "main"
description = "Database Abstraction Library"
name = "sqlalchemy"
optional = false
python-versions = ">=2.7, !=3.0.*, !=3.1.*, !=3.2.*, !=3.3.*"
version = "1.3.13"

[[package]]
category = "dev"
description = "Python Library for Tom's Obvious, Minimal Language"
name = "toml"
optional = false
python-versions = "*"
version = "0.10.0"

[[package]]
category = "dev"
description = "a fork of Python 2 and 3 ast modules with type comment support"
name = "typed-ast"
optional = false
python-versions = "*"
version = "1.4.1"

[[package]]
category = "dev"
description = "Backported and Experimental Type Hints for Python 3.5+"
name = "typing-extensions"
optional = false
python-versions = "*"
version = "3.7.4.1"

[[package]]
category = "main"
description = "HTTP library with thread-safe connection pooling, file post, and more."
name = "urllib3"
optional = false
python-versions = ">=2.7, !=3.0.*, !=3.1.*, !=3.2.*, !=3.3.*, !=3.4.*, <4"
version = "1.25.8"

[[package]]
category = "main"
description = "Measures number of Terminal column cells of wide-character codes"
name = "wcwidth"
optional = false
python-versions = "*"
version = "0.1.8"

[[package]]
category = "main"
description = "The comprehensive WSGI web application library."
name = "werkzeug"
optional = false
python-versions = ">=2.7, !=3.0.*, !=3.1.*, !=3.2.*, !=3.3.*"
version = "0.16.1"

[[package]]
category = "dev"
description = "Module for decorators, wrappers and monkey patching."
name = "wrapt"
optional = false
python-versions = "*"
version = "1.11.2"

[[package]]
category = "main"
description = "Yet another URL library"
name = "yarl"
optional = false
python-versions = ">=3.5"
version = "1.4.2"

[package.dependencies]
idna = ">=2.0"
multidict = ">=4.0"

[[package]]
category = "main"
description = "Backport of pathlib-compatible object wrapper for zip files"
marker = "python_version < \"3.8\""
name = "zipp"
optional = false
python-versions = ">=3.6"
version = "2.1.0"

[metadata]
content-hash = "cb8c29dae498b2107dc57eac3907eaa22e4a52ac0c1f65850e61dbbb60272b90"
python-versions = "^3.7"

[metadata.hashes]
alembic = ["d412982920653db6e5a44bfd13b1d0db5685cbaaccaf226195749c706e1e862a"]
appdirs = ["9e5896d1372858f8dd3344faf4e5014d21849c756c8d5701f78f8a103b372d92", "d8b24664561d0d34ddfaec54636d502d7cea6e29c3eaf68f3df6180863e2166e"]
astroid = ["71ea07f44df9568a75d0f354c49143a4575d90645e9fead6dfb52c26a85ed13a", "840947ebfa8b58f318d42301cf8c0a20fd794a33b61cc4638e28e9e61ba32f42"]
atomicwrites = ["03472c30eb2c5d1ba9227e4c2ca66ab8287fbfbbda3888aa93dc2e28fc6811b4", "75a9445bac02d8d058d5e1fe689654ba5a6556a1dfd8ce6ec55a0ed79866cfa6"]
attrs = ["08a96c641c3a74e44eb59afb61a24f2cb9f4d7188748e76ba4bb5edfa3cb7d1c", "f7b7ce16570fe9965acd6d30101a28f62fb4a7f9e926b3bbc9b61f8b04247e72"]
black = ["1b30e59be925fafc1ee4565e5e08abef6b03fe455102883820fe5ee2e4734e0b", "c2edb73a08e9e0e6f65a0e6af18b059b8b1cdd5bef997d7a0b181df93dc81539"]
certifi = ["017c25db2a153ce562900032d5bc68e9f191e44e9a0f762f373977de9df1fbb3", "25b64c7da4cd7479594d035c08c2d809eb4aab3a26e5a990ea98cc450c320f1f"]
chardet = ["84ab92ed1c4d4f16916e05906b6b75a6c0fb5db821cc65e70cbd64a3e2a5eaae", "fc323ffcaeaed0e0a02bf4d117757b98aed530d9ed4531e3e15460124c106691"]
click = ["2335065e6395b9e67ca716de5f7526736bfa6ceead690adf616d925bdc622b13", "5b94b49521f6456670fdb30cd82a4eca9412788a93fa6dd6df72c94d5a8ff2d7"]
colorama = ["7d73d2a99753107a36ac6b455ee49046802e59d9d076ef8e47b61499fa29afff", "e96da0d330793e2cb9485e9ddfd918d456036c7149416295932478192f4436a1"]
flask = ["13f9f196f330c7c2c5d7a5cf91af894110ca0215ac051b5844701f2bfd934d52", "45eb5a6fd193d6cf7e0cf5d8a5b31f83d5faae0293695626f539a823e93b13f6"]
flask-login = ["c815c1ac7b3e35e2081685e389a665f2c74d7e077cb93cecabaea352da4752ec"]
flask-migrate = ["6fb038be63d4c60727d5dfa5f581a6189af5b4e2925bc378697b4f0a40cfb4e1", "a96ff1875a49a40bd3e8ac04fce73fdb0870b9211e6168608cbafa4eb839d502"]
flask-sqlalchemy = ["0078d8663330dc05a74bc72b3b6ddc441b9a744e2f56fe60af1a5bfc81334327", "6974785d913666587949f7c2946f7001e4fa2cb2d19f4e69ead02e4b8f50b33d"]
idna = ["c357b3f628cf53ae2c4c05627ecc484553142ca23264e593d327bcde5e9c3407", "ea8b7f6188e6fa117537c3df7da9fc686d485087abf6ac197f9c46432f7e4a3c"]
importlib-metadata = ["06f5b3a99029c7134207dd882428a66992a9de2bef7c2b699b5641f9886c3302", "b97607a1a18a5100839aec1dc26a1ea17ee0d93b20b0f008d80a5a050afb200b"]
isort = ["54da7e92468955c4fceacd0c86bd0ec997b0e1ee80d97f67c35a78b719dccab1", "6e811fcb295968434526407adb8796944f1988c5b65e8139058f2014cbe100fd"]
itsdangerous = ["321b033d07f2a4136d3ec762eac9f16a10ccd60f53c0c91af90217ace7ba1f19", "b12271b2047cb23eeb98c8b5622e2e5c5e9abd9784a153e9d8ef9cb4dd09d749"]
jinja2 = ["93187ffbc7808079673ef52771baa950426fd664d3aad1d0fa3e95644360e250", "b0eaf100007721b5c16c1fc1eecb87409464edc10469ddc9a22a27a99123be49"]
lazy-object-proxy = ["0c4b206227a8097f05c4dbdd323c50edf81f15db3b8dc064d08c62d37e1a504d", "194d092e6f246b906e8f70884e620e459fc54db3259e60cf69a4d66c3fda3449", "1be7e4c9f96948003609aa6c974ae59830a6baecc5376c25c92d7d697e684c08", "4677f594e474c91da97f489fea5b7daa17b5517190899cf213697e48d3902f5a", "48dab84ebd4831077b150572aec802f303117c8cc5c871e182447281ebf3ac50", "5541cada25cd173702dbd99f8e22434105456314462326f06dba3e180f203dfd", "59f79fef100b09564bc2df42ea2d8d21a64fdcda64979c0fa3db7bdaabaf6239", "8d859b89baf8ef7f8bc6b00aa20316483d67f0b1cbf422f5b4dc56701c8f2ffb", "9254f4358b9b541e3441b007a0ea0764b9d056afdeafc1a5569eee1cc6c1b9ea", "9651375199045a358eb6741df3e02a651e0330be090b3bc79f6d0de31a80ec3e", "97bb5884f6f1cdce0099f86b907aa41c970c3c672ac8b9c8352789e103cf3156", "9b15f3f4c0f35727d3a0fba4b770b3c4ebbb1fa907dbcc046a1d2799f3edd142", "a2238e9d1bb71a56cd710611a1614d1194dc10a175c1e08d75e1a7bcc250d442", "a6ae12d08c0bf9909ce12385803a543bfe99b95fe01e752536a60af2b7797c62", "ca0a928a3ddbc5725be2dd1cf895ec0a254798915fb3a36af0964a0a4149e3db", "cb2c7c57005a6804ab66f106ceb8482da55f5314b7fcb06551db1edae4ad1531", "d74bb8693bf9cf75ac3b47a54d716bbb1a92648d5f781fc799347cfc95952383", "d945239a5639b3ff35b70a88c5f2f491913eb94871780ebfabb2568bd58afc5a", "eba7011090323c1dadf18b3b689845fd96a61ba0a1dfbd7f24b921398affc357", "efa1909120ce98bbb3777e8b6f92237f5d5c8ea6758efea36a473e1d38f7d3e4", "f3900e8a5de27447acbf900b4750b0ddfd7ec1ea7fbaf11dfa911141bc522af0"]
mako = ["2984a6733e1d472796ceef37ad48c26f4a984bb18119bb2dbc37a44d8f6e75a4"]
markupsafe = ["00bc623926325b26bb9605ae9eae8a215691f33cae5df11ca5424f06f2d1f473", "09027a7803a62ca78792ad89403b1b7a73a01c8cb65909cd876f7fcebd79b161", "09c4b7f37d6c648cb13f9230d847adf22f8171b1ccc4d5682398e77f40309235", "1027c282dad077d0bae18be6794e6b6b8c91d58ed8a8d89a89d59693b9131db5", "24982cc2533820871eba85ba648cd53d8623687ff11cbb805be4ff7b4c971aff", "29872e92839765e546828bb7754a68c418d927cd064fd4708fab9fe9c8bb116b", "43a55c2930bbc139570ac2452adf3d70cdbb3cfe5912c71cdce1c2c6bbd9c5d1", "46c99d2de99945ec5cb54f23c8cd5689f6d7177305ebff350a58ce5f8de1669e", "500d4957e52ddc3351cabf489e79c91c17f6e0899158447047588650b5e69183", "535f6fc4d397c1563d08b88e485c3496cf5784e927af890fb3c3aac7f933ec66", "62fe6c95e3ec8a7fad637b7f3d372c15ec1caa01ab47926cfdf7a75b40e0eac1", "6dd73240d2af64df90aa7c4e7481e23825ea70af4b4922f8ede5b9e35f78a3b1", "717ba8fe3ae9cc0006d7c451f0bb265ee07739daf76355d06366154ee68d221e", "79855e1c5b8da654cf486b830bd42c06e8780cea587384cf6545b7d9ac013a0b", "7c1699dfe0cf8ff607dbdcc1e9b9af1755371f92a68f706051cc8c37d447c905", "88e5fcfb52ee7b911e8bb6d6aa2fd21fbecc674eadd44118a9cc3863f938e735", "8defac2f2ccd6805ebf65f5eeb132adcf2ab57aa11fdf4c0dd5169a004710e7d", "98c7086708b163d425c67c7a91bad6e466bb99d797aa64f965e9d25c12111a5e", "9add70b36c5666a2ed02b43b335fe19002ee5235efd4b8a89bfcf9005bebac0d", "9bf40443012702a1d2070043cb6291650a0841ece432556f784f004937f0f32c", "ade5e387d2ad0d7ebf59146cc00c8044acbd863725f887353a10df825fc8ae21", "b00c1de48212e4cc9603895652c5c410df699856a2853135b3967591e4beebc2", "b1282f8c00509d99fef04d8ba936b156d419be841854fe901d8ae224c59f0be5", "b2051432115498d3562c084a49bba65d97cf251f5a331c64a12ee7e04dacc51b", "ba59edeaa2fc6114428f1637ffff42da1e311e29382d81b339c1817d37ec93c6", "c8716a48d94b06bb3b2524c2b77e055fb313aeb4ea620c8dd03a105574ba704f", "cd5df75523866410809ca100dc9681e301e3c27567cf498077e8551b6d20e42f", "e249096428b3ae81b08327a63a485ad0878de3fb939049038579ac0ef61e17e7"]
mccabe = ["ab8a6258860da4b6677da4bd2fe5dc2c659cff31b3ee4f7f5d64e79735b80d42", "dd8d182285a0fe56bace7f45b5e7d1a6ebcbf524e8f3bd87eb0f125271b8831f"]
more-itertools = ["5dd8bcf33e5f9513ffa06d5ad33d78f31e1931ac9a18f33d37e77a180d393a7c", "b1ddb932186d8a6ac451e1d95844b382f55e12686d51ca0c68b6f61f2ab7a507"]
multidict = ["13f3ebdb5693944f52faa7b2065b751cb7e578b8dd0a5bb8e4ab05ad0188b85e", "26502cefa86d79b86752e96639352c7247846515c864d7c2eb85d036752b643c", "4fba5204d32d5c52439f88437d33ad14b5f228e25072a192453f658bddfe45a7", "527124ef435f39a37b279653ad0238ff606b58328ca7989a6df372fd75d7fe26", "5414f388ffd78c57e77bd253cf829373721f450613de53dc85a08e34d806e8eb", "5eee66f882ab35674944dfa0d28b57fa51e160b4dce0ce19e47f495fdae70703", "63810343ea07f5cd86ba66ab66706243a6f5af075eea50c01e39b4ad6bc3c57a", "6bd10adf9f0d6a98ccc792ab6f83d18674775986ba9bacd376b643fe35633357", "83c6ddf0add57c6b8a7de0bc7e2d656be3eefeff7c922af9a9aae7e49f225625", "93166e0f5379cf6cd29746989f8a594fa7204dcae2e9335ddba39c870a287e1c", "9a7b115ee0b9b92d10ebc246811d8f55d0c57e82dbb6a26b23c9a9a6ad40ce0c", "a38baa3046cce174a07a59952c9f876ae8875ef3559709639c17fdf21f7b30dd", "a6d219f49821f4b2c85c6d426346a5d84dab6daa6f85ca3da6c00ed05b54022d", "a8ed33e8f9b67e3b592c56567135bb42e7e0e97417a4b6a771e60898dfd5182b", "d7d428488c67b09b26928950a395e41cc72bb9c3d5abfe9f0521940ee4f796d4", "dcfed56aa085b89d644af17442cdc2debaa73388feba4b8026446d168ca8dad7", "f29b885e4903bd57a7789f09fe9d60b6475a6c1a4c0eca874d8558f00f9d4b51"]
mypy = ["0a9a45157e532da06fe56adcfef8a74629566b607fa2c1ac0122d1ff995c748a", "2c35cae79ceb20d47facfad51f952df16c2ae9f45db6cb38405a3da1cf8fc0a7", "4b9365ade157794cef9685791032521233729cb00ce76b0ddc78749abea463d2", "53ea810ae3f83f9c9b452582261ea859828a9ed666f2e1ca840300b69322c474", "634aef60b4ff0f650d3e59d4374626ca6153fcaff96ec075b215b568e6ee3cb0", "7e396ce53cacd5596ff6d191b47ab0ea18f8e0ec04e15d69728d530e86d4c217", "7eadc91af8270455e0d73565b8964da1642fe226665dd5c9560067cd64d56749", "7f672d02fffcbace4db2b05369142e0506cdcde20cea0e07c7c2171c4fd11dd6", "85baab8d74ec601e86134afe2bcccd87820f79d2f8d5798c889507d1088287bf", "87c556fb85d709dacd4b4cb6167eecc5bbb4f0a9864b69136a0d4640fdc76a36", "a6bd44efee4dc8c3324c13785a9dc3519b3ee3a92cada42d2b57762b7053b49b", "c6d27bd20c3ba60d5b02f20bd28e20091d6286a699174dfad515636cb09b5a72", "e2bb577d10d09a2d8822a042a23b8d62bc3b269667c9eb8e60a6edfa000211b1", "f97a605d7c8bc2c6d1172c2f0d5a65b24142e11a58de689046e62c2d632ca8c1"]
mypy-extensions = ["090fedd75945a69ae91ce1303b5824f428daf5a028d2f6ab8a299250a846f15d", "2d82818f5bb3e369420cb3c4060a7970edba416647068eb4c5343488a6c604a8"]
packaging = ["170748228214b70b672c581a3dd610ee51f733018650740e98c7df862a583f73", "e665345f9eef0c621aa0bf2f8d78cf6d21904eef16a93f020240b704a57f1334"]
pathspec = ["163b0632d4e31cef212976cf57b43d9fd6b0bac6e67c26015d611a647d5e7424", "562aa70af2e0d434367d9790ad37aed893de47f1693e4201fd1d3dca15d19b96"]
pluggy = ["15b2acde666561e1298d71b523007ed7364de07029219b604cf808bfa1c765b0", "966c145cd83c96502c3c3868f50408687b38434af77734af1e9ca461a4081d2d"]
psycopg2 = ["4212ca404c4445dc5746c0d68db27d2cbfb87b523fe233dc84ecd24062e35677", "47fc642bf6f427805daf52d6e52619fe0637648fe27017062d898f3bf891419d", "72772181d9bad1fa349792a1e7384dde56742c14af2b9986013eb94a240f005b", "8396be6e5ff844282d4d49b81631772f80dabae5658d432202faf101f5283b7c", "893c11064b347b24ecdd277a094413e1954f8a4e8cdaf7ffbe7ca3db87c103f0", "92a07dfd4d7c325dd177548c4134052d4842222833576c8391aab6f74038fc3f", "965c4c93e33e6984d8031f74e51227bd755376a9df6993774fd5b6fb3288b1f4", "9ab75e0b2820880ae24b7136c4d230383e07db014456a476d096591172569c38", "b0845e3bdd4aa18dc2f9b6fb78fbd3d9d371ad167fd6d1b7ad01c0a6cdad4fc6", "dca2d7203f0dfce8ea4b3efd668f8ea65cd2b35112638e488a4c12594015f67b", "ed686e5926929887e2c7ae0a700e32c6129abb798b4ad2b846e933de21508151", "ef6df7e14698e79c59c7ee7cf94cd62e5b869db369ed4b1b8f7b729ea825712a", "f898e5cc0a662a9e12bde6f931263a1bbd350cfb18e1d5336a12927851825bb6"]
py = ["5e27081401262157467ad6e7f851b7aa402c5852dbcb3dae06768434de5752aa", "c20fdd83a5dbc0af9efd622bee9a5564e278f6380fffcacc43ba6f43db2813b0"]
pydantic = ["012c422859bac2e03ab3151ea6624fecf0e249486be7eb8c6ee69c91740c6752", "07911aab70f3bc52bb845ce1748569c5e70478ac977e106a150dd9d0465ebf04", "47b8db7024ba3d46c3d4768535e1cf87b6c8cf92ccd81e76f4e1cb8ee47688b3", "50e4e948892a6815649ad5a9a9379ad1e5f090f17842ac206535dfaed75c6f2f", "51f11c8bbf794a68086540da099aae4a9107447c7a9d63151edbb7d50110cf21", "6100d7862371115c40be55cc4b8d766a74b1d0dbaf99dbfe72bb4bac0faf89ed", "61d22d36808087d3184ed6ac0d91dd71c533b66addb02e4a9930e1e30833202f", "72184c1421103cca128300120f8f1185fb42a9ea73a1c9845b1c53db8c026a7d", "831a0265a9e3933b3d0f04d1a81bba543bafbe4119c183ff2771871db70524ab", "8848b4eb458469739126e4c1a202d723dd092e087f8dbe3104371335f87ba5df", "bbbed364376f4a0aebb9ea452ff7968b306499a9e74f4db69b28ff2cd4043a11", "e27559cedbd7f59d2375bfd6eea29a330ea1a5b0589c34d6b4e0d7bec6027bbf", "f17ec336e64d4583311249fb179528e9a2c27c8a2eaf590ec6ec2c6dece7cb3f", "f863456d3d4bf817f2e5248553dee3974c5dc796f48e6ddb599383570f4215ac"]
pylint = ["3db5468ad013380e987410a8d6956226963aed94ecb5f9d3a28acca6d9ac36cd", "886e6afc935ea2590b462664b161ca9a5e40168ea99e5300935f6591ad467df4"]
pyparsing = ["4c830582a84fb022400b85429791bc551f1f4871c33f23e44f353119e92f969f", "c342dccb5250c08d45fd6f8b4a559613ca603b57498511740e65cd11a2e7dcec"]
pytest = ["0d5fe9189a148acc3c3eb2ac8e1ac0742cb7618c084f3d228baaec0c254b318d", "ff615c761e25eb25df19edddc0b970302d2a9091fbce0e7213298d85fb61fef6"]
pytest-flask-sqlalchemy = ["19cad31d654c2301dd2dd70d06a62e5dc4ea380500f4b89bbcb3d59a475f0cf6", "34fa0f9a63c3892f54a8d11ab67f907c0e0911ac609e3cff5d518c3af6b897cd"]
pytest-mock = ["b35eb281e93aafed138db25c8772b95d3756108b601947f89af503f8c629413f", "cb67402d87d5f53c579263d37971a164743dc33c159dfb4fb4a86f37c5552307"]
python-dateutil = ["73ebfe9dbf22e832286dafa60473e4cd239f8592f699aa5adaf10050e6e1823c", "75bb3f31ea686f1197762692a9ee6a7550b59fc6ca3a1f4b5d7e32fb98e2da2a"]
python-dotenv = ["440c7c23d53b7d352f9c94d6f70860242c2f071cf5c029dd661ccb22d64ae42b", "f254bfd0c970d64ccbb6c9ebef3667ab301a71473569c991253a481f1c98dddc"]
python-editor = ["1bf6e860a8ad52a14c3ee1252d5dc25b2030618ed80c022598f00176adc8367d", "51fda6bcc5ddbbb7063b2af7509e43bd84bfc32a4ff71349ec7847713882327b", "5f98b069316ea1c2ed3f67e7f5df6c0d8f10b689964a4a811ff64f0106819ec8", "c3da2053dbab6b29c94e43c486ff67206eafbe7eb52dbec7390b5e2fb05aac77", "ea87e17f6ec459e780e4221f295411462e0d0810858e055fc514684350a2f522"]
regex = ["07b39bf943d3d2fe63d46281d8504f8df0ff3fe4c57e13d1656737950e53e525", "0932941cdfb3afcbc26cc3bcf7c3f3d73d5a9b9c56955d432dbf8bbc147d4c5b", "0e182d2f097ea8549a249040922fa2b92ae28be4be4895933e369a525ba36576", "10671601ee06cf4dc1bc0b4805309040bb34c9af423c12c379c83d7895622bb5", "23e2c2c0ff50f44877f64780b815b8fd2e003cda9ce817a7fd00dea5600c84a0", "26ff99c980f53b3191d8931b199b29d6787c059f2e029b2b0c694343b1708c35", "27429b8d74ba683484a06b260b7bb00f312e7c757792628ea251afdbf1434003", "3e77409b678b21a056415da3a56abfd7c3ad03da71f3051bbcdb68cf44d3c34d", "4e8f02d3d72ca94efc8396f8036c0d3bcc812aefc28ec70f35bb888c74a25161", "4eae742636aec40cf7ab98171ab9400393360b97e8f9da67b1867a9ee0889b26", "6a6ae17bf8f2d82d1e8858a47757ce389b880083c4ff2498dba17c56e6c103b9", "6a6ba91b94427cd49cd27764679024b14a96874e0dc638ae6bdd4b1a3ce97be1", "7bcd322935377abcc79bfe5b63c44abd0b29387f267791d566bbb566edfdd146", "98b8ed7bb2155e2cbb8b76f627b2fd12cf4b22ab6e14873e8641f266e0fb6d8f", "bd25bb7980917e4e70ccccd7e3b5740614f1c408a642c245019cff9d7d1b6149", "d0f424328f9822b0323b3b6f2e4b9c90960b24743d220763c7f07071e0778351", "d58e4606da2a41659c84baeb3cfa2e4c87a74cec89a1e7c56bee4b956f9d7461", "e3cd21cc2840ca67de0bbe4071f79f031c81418deb544ceda93ad75ca1ee9f7b", "e6c02171d62ed6972ca8631f6f34fa3281d51db8b326ee397b9c83093a6b7242", "e7c7661f7276507bce416eaae22040fd91ca471b5b33c13f8ff21137ed6f248c", "ecc6de77df3ef68fee966bb8cb4e067e84d4d1f397d0ef6fce46913663540d77"]
requests = ["11e007a8a2aa0323f5a921e9e6a2d7e4e67d9877e85773fba9ba6419025cbeb4", "9cf5292fcd0f598c671cfc1e0d7d1a7f13bb8085e9a590f48c010551dc6c4b31"]
six = ["236bdbdce46e6e6a3d61a337c0f8b763ca1e8717c03b369e87a7ec7ce1319c0a", "8f3cd2e254d8f793e7f3d6d9df77b92252b52637291d0f0da013c76ea2724b6c"]
sqlalchemy = ["64a7b71846db6423807e96820993fa12a03b89127d278290ca25c0b11ed7b4fb"]
toml = ["229f81c57791a41d65e399fc06bf0848bab550a9dfd5ed66df18ce5f05e73d5c", "235682dd292d5899d361a811df37e04a8828a5b1da3115886b73cf81ebc9100e", "f1db651f9657708513243e61e6cc67d101a39bad662eaa9b5546f789338e07a3"]
typed-ast = ["0666aa36131496aed8f7be0410ff974562ab7eeac11ef351def9ea6fa28f6355", "0c2c07682d61a629b68433afb159376e24e5b2fd4641d35424e462169c0a7919", "249862707802d40f7f29f6e1aad8d84b5aa9e44552d2cc17384b209f091276aa", "24995c843eb0ad11a4527b026b4dde3da70e1f2d8806c99b7b4a7cf491612652", "269151951236b0f9a6f04015a9004084a5ab0d5f19b57de779f908621e7d8b75", "4083861b0aa07990b619bd7ddc365eb7fa4b817e99cf5f8d9cf21a42780f6e01", "498b0f36cc7054c1fead3d7fc59d2150f4d5c6c56ba7fb150c013fbc683a8d2d", "4e3e5da80ccbebfff202a67bf900d081906c358ccc3d5e3c8aea42fdfdfd51c1", "6daac9731f172c2a22ade6ed0c00197ee7cc1221aa84cfdf9c31defeb059a907", "715ff2f2df46121071622063fc7543d9b1fd19ebfc4f5c8895af64a77a8c852c", "73d785a950fc82dd2a25897d525d003f6378d1cb23ab305578394694202a58c3", "8c8aaad94455178e3187ab22c8b01a3837f8ee50e09cf31f1ba129eb293ec30b", "8ce678dbaf790dbdb3eba24056d5364fb45944f33553dd5869b7580cdbb83614", "aaee9905aee35ba5905cfb3c62f3e83b3bec7b39413f0a7f19be4e547ea01ebb", "bcd3b13b56ea479b3650b82cabd6b5343a625b0ced5429e4ccad28a8973f301b", "c9e348e02e4d2b4a8b2eedb48210430658df6951fa484e59de33ff773fbd4b41", "d205b1b46085271b4e15f670058ce182bd1199e56b317bf2ec004b6a44f911f6", "d43943ef777f9a1c42bf4e552ba23ac77a6351de620aa9acf64ad54933ad4d34", "d5d33e9e7af3b34a40dc05f498939f0ebf187f07c385fd58d591c533ad8562fe", "fc0fea399acb12edbf8a628ba8d2312f583bdbdb3335635db062fa98cf71fca4", "fe460b922ec15dd205595c9b5b99e2f056fd98ae8f9f56b888e7a17dc2b757e7"]
typing-extensions = ["091ecc894d5e908ac75209f10d5b4f118fbdb2eb1ede6a63544054bb1edb41f2", "910f4656f54de5993ad9304959ce9bb903f90aadc7c67a0bef07e678014e892d", "cf8b63fedea4d89bab840ecbb93e75578af28f76f66c35889bd7065f5af88575"]
urllib3 = ["2f3db8b19923a873b3e5256dc9c2dedfa883e33d87c690d9c7913e1f40673cdc", "87716c2d2a7121198ebcb7ce7cccf6ce5e9ba539041cfbaeecfb641dc0bf6acc"]
wcwidth = ["8fd29383f539be45b20bd4df0dc29c20ba48654a41e661925e612311e9f3c603", "f28b3e8a6483e5d49e7f8949ac1a78314e740333ae305b4ba5defd3e74fb37a8"]
werkzeug = ["1e0dedc2acb1f46827daa2e399c1485c8fa17c0d8e70b6b875b4e7f54bf408d2", "b353856d37dec59d6511359f97f6a4b2468442e454bd1c98298ddce53cac1f04"]
wrapt = ["565a021fd19419476b9362b05eeaa094178de64f8361e44468f9e9d7843901e1"]
yarl = ["0c2ab325d33f1b824734b3ef51d4d54a54e0e7a23d13b86974507602334c2cce", "0ca2f395591bbd85ddd50a82eb1fde9c1066fafe888c5c7cc1d810cf03fd3cc6", "2098a4b4b9d75ee352807a95cdf5f10180db903bc5b7270715c6bbe2551f64ce", "25e66e5e2007c7a39541ca13b559cd8ebc2ad8fe00ea94a2aad28a9b1e44e5ae", "26d7c90cb04dee1665282a5d1a998defc1a9e012fdca0f33396f81508f49696d", "308b98b0c8cd1dfef1a0311dc5e38ae8f9b58349226aa0533f15a16717ad702f", "3ce3d4f7c6b69c4e4f0704b32eca8123b9c58ae91af740481aa57d7857b5e41b", "58cd9c469eced558cd81aa3f484b2924e8897049e06889e8ff2510435b7ef74b", "5b10eb0e7f044cf0b035112446b26a3a2946bca9d7d7edb5e54a2ad2f6652abb", "6faa19d3824c21bcbfdfce5171e193c8b4ddafdf0ac3f129ccf0cdfcb083e462", "944494be42fa630134bf907714d40207e646fd5a94423c90d5b514f7b0713fea", "a161de7e50224e8e3de6e184707476b5a989037dcb24292b391a3d66ff158e70", "a4844ebb2be14768f7994f2017f70aca39d658a96c786211be5ddbe1c68794c1", "c2b509ac3d4b988ae8769901c66345425e361d518aecbe4acbfc2567e416626a", "c9959d49a77b0e07559e579f38b2f3711c2b8716b8410b320bf9713013215a1b", "d8cdee92bc930d8b09d8bd2043cedd544d9c8bd7436a77678dd602467a993080", "e15199cdb423316e15f108f51249e44eb156ae5dba232cb73be555324a1d49c2"]
zipp = ["ccc94ed0909b58ffe34430ea5451f07bc0c76467d7081619a454bf5c98b89e28", "feae2f18633c32fc71f2de629bfb3bd3c9325cd4419642b1f1da42ee488d9b98"]
